
Microsoft Visual Studio Solution File, Format Version 12.00
# Visual Studio Version 16
VisualStudioVersion = 16.0.32510.428
MinimumVisualStudioVersion = 10.0.40219.1
Project("{FAE04EC0-301F-11D3-BF4B-00C04F79EFBC}") = "KullaniciKayit", "KullaniciKayit.csproj", "{F96B4314-A509-4864-873A-1CFD59D6249D}"
EndProject
Project("{FAE04EC0-301F-11D3-BF4B-00C04F79EFBC}") = "Entities", "Entities\Entities.csproj", "{4176E1DF-E3B7-40C6-A6B4-C56DC6CB154A}"
EndProject
Project("{FAE04EC0-301F-11D3-BF4B-00C04F79EFBC}") = "DataAcces", "DataAcces\DataAcces.csproj", "{CC2FCDF2-1B72-4781-8D58-A4010393F951}"
EndProject
Project("{FAE04EC0-301F-11D3-BF4B-00C04F79EFBC}") = "Business", "Business\Business.csproj", "{2F09CD04-E892-43B7-919E-3B576EE89A84}"
EndProject
Global
	GlobalSection(SolutionConfigurationPlatforms) = preSolution
		Debug|Any CPU = Debug|Any CPU
		Release|Any CPU = Release|Any CPU
	EndGlobalSection
	GlobalSection(ProjectConfigurationPlatforms) = postSolution
		{F96B4314-A509-4864-873A-1CFD59D6249D}.Debug|Any CPU.ActiveCfg = Debug|Any CPU
		{F96B4314-A509-4864-873A-1CFD59D6249D}.Debug|Any CPU.Build.0 = Debug|Any CPU
		{F96B4314-A509-4864-873A-1CFD59D6249D}.Release|Any CPU.ActiveCfg = Release|Any CPU
		{F96B4314-A509-4864-873A-1CFD59D6249D}.Release|Any CPU.Build.0 = Release|Any CPU
		{4176E1DF-E3B7-40C6-A6B4-C56DC6CB154A}.Debug|Any CPU.ActiveCfg = Debug|Any CPU
		{4176E1DF-E3B7-40C6-A6B4-C56DC6CB154A}.Debug|Any CPU.Build.0 = Debug|Any CPU
		{4176E1DF-E3B7-40C6-A6B4-C56DC6CB154A}.Release|Any CPU.ActiveCfg = Release|Any CPU
		{4176E1DF-E3B7-40C6-A6B4-C56DC6CB154A}.Release|Any CPU.Build.0 = Release|Any CPU
		{CC2FCDF2-1B72-4781-8D58-A4010393F951}.Debug|Any CPU.ActiveCfg = Debug|Any CPU
		{CC2FCDF2-1B72-4781-8D58-A4010393F951}.Debug|Any CPU.Build.0 = Debug|Any CPU
		{CC2FCDF2-1B72-4781-8D58-A4010393F951}.Release|Any CPU.ActiveCfg = Release|Any CPU
		{CC2FCDF2-1B72-4781-8D58-A4010393F951}.Release|Any CPU.Build.0 = Release|Any CPU
		{2F09CD04-E892-43B7-919E-3B576EE89A84}.Debug|Any CPU.ActiveCfg = Debug|Any CPU
		{2F09CD04-E892-43B7-919E-3B576EE89A84}.Debug|Any CPU.Build.0 = Debug|Any CPU
		{2F09CD04-E892-43B7-919E-3B576EE89A84}.Release|Any CPU.ActiveCfg = Release|Any CPU
		{2F09CD04-E892-43B7-919E-3B576EE89A84}.Release|Any CPU.Build.0 = Release|Any CPU
	EndGlobalSection
	GlobalSection(SolutionProperties) = preSolution
		HideSolutionNode = FALSE
	EndGlobalSection
	GlobalSection(ExtensibilityGlobals) = postSolution
		SolutionGuid = {34F6DB0C-C943-4344-9AC1-D2EFA94429B2}
	EndGlobalSection
EndGlobal
